
Microsoft Visual Studio Solution File, Format Version 12.00
# Visual Studio Version 17
VisualStudioVersion = 17.0.32014.148
MinimumVisualStudioVersion = 10.0.40219.1
Project("{FAE04EC0-301F-11D3-BF4B-00C04F79EFBC}") = "BackupFiles", "BackupFiles.csproj", "{A63C9C2B-34E4-44C1-81EE-1E01DB017406}"
EndProject
Global
	GlobalSection(SolutionConfigurationPlatforms) = preSolution
		Debug|Any CPU = Debug|Any CPU
		Release|Any CPU = Release|Any CPU
	EndGlobalSection
	GlobalSection(ProjectConfigurationPlatforms) = postSolution
		{A63C9C2B-34E4-44C1-81EE-1E01DB017406}.Debug|Any CPU.ActiveCfg = Debug|Any CPU
		{A63C9C2B-34E4-44C1-81EE-1E01DB017406}.Debug|Any CPU.Build.0 = Debug|Any CPU
		{A63C9C2B-34E4-44C1-81EE-1E01DB017406}.Release|Any CPU.ActiveCfg = Release|Any CPU
		{A63C9C2B-34E4-44C1-81EE-1E01DB017406}.Release|Any CPU.Build.0 = Release|Any CPU
	EndGlobalSection
	GlobalSection(SolutionProperties) = preSolution
		HideSolutionNode = FALSE
	EndGlobalSection
	GlobalSection(ExtensibilityGlobals) = postSolution
		SolutionGuid = {5E327736-674F-4D7C-B3A8-5A642FECCB88}
	EndGlobalSection
EndGlobal
